// !$*UTF8*$!
{
	archiveVersion = 1;
	classes = {
	};
	objectVersion = 46;
	objects = {

/* Begin PBXBuildFile section */
		F11C429F1E77AB0A00019C28 /* MainMenuScene.sks in Resources */ = {isa = PBXBuildFile; fileRef = F11C429E1E77AB0A00019C28 /* MainMenuScene.sks */; };
		F11C42A11E77AB3700019C28 /* MainMenuScene.swift in Sources */ = {isa = PBXBuildFile; fileRef = F11C42A01E77AB3700019C28 /* MainMenuScene.swift */; };
		F1DC4EBB1E6E39CF00A3235B /* AppDelegate.swift in Sources */ = {isa = PBXBuildFile; fileRef = F1DC4EBA1E6E39CF00A3235B /* AppDelegate.swift */; };
		F1DC4EBF1E6E39CF00A3235B /* Actions.sks in Resources */ = {isa = PBXBuildFile; fileRef = F1DC4EBE1E6E39CF00A3235B /* Actions.sks */; };
		F1DC4EC31E6E39CF00A3235B /* GameViewController.swift in Sources */ = {isa = PBXBuildFile; fileRef = F1DC4EC21E6E39CF00A3235B /* GameViewController.swift */; };
		F1DC4EC61E6E39CF00A3235B /* Main.storyboard in Resources */ = {isa = PBXBuildFile; fileRef = F1DC4EC41E6E39CF00A3235B /* Main.storyboard */; };
		F1DC4EC81E6E39CF00A3235B /* Assets.xcassets in Resources */ = {isa = PBXBuildFile; fileRef = F1DC4EC71E6E39CF00A3235B /* Assets.xcassets */; };
		F1DC4ECB1E6E39CF00A3235B /* LaunchScreen.storyboard in Resources */ = {isa = PBXBuildFile; fileRef = F1DC4EC91E6E39CF00A3235B /* LaunchScreen.storyboard */; };
		F1DC4ED61E6E39CF00A3235B /* Flappy_BirdTests.swift in Sources */ = {isa = PBXBuildFile; fileRef = F1DC4ED51E6E39CF00A3235B /* Flappy_BirdTests.swift */; };
		F1DC4EE11E6E39CF00A3235B /* Flappy_BirdUITests.swift in Sources */ = {isa = PBXBuildFile; fileRef = F1DC4EE01E6E39CF00A3235B /* Flappy_BirdUITests.swift */; };
		F1DC4EF61E6E3AD400A3235B /* Blue 1.png in Resources */ = {isa = PBXBuildFile; fileRef = F1DC4EF21E6E3AD400A3235B /* Blue 1.png */; };
		F1DC4EF71E6E3AD400A3235B /* Blue 2.png in Resources */ = {isa = PBXBuildFile; fileRef = F1DC4EF31E6E3AD400A3235B /* Blue 2.png */; };
		F1DC4EF81E6E3AD400A3235B /* Blue 3.png in Resources */ = {isa = PBXBuildFile; fileRef = F1DC4EF41E6E3AD400A3235B /* Blue 3.png */; };
		F1DC4EF91E6E3AD400A3235B /* Blue 4.png in Resources */ = {isa = PBXBuildFile; fileRef = F1DC4EF51E6E3AD400A3235B /* Blue 4.png */; };
		F1DC4EFE1E6E3ADD00A3235B /* Green 1.png in Resources */ = {isa = PBXBuildFile; fileRef = F1DC4EFA1E6E3ADD00A3235B /* Green 1.png */; };
		F1DC4EFF1E6E3ADD00A3235B /* Green 2.png in Resources */ = {isa = PBXBuildFile; fileRef = F1DC4EFB1E6E3ADD00A3235B /* Green 2.png */; };
		F1DC4F001E6E3ADD00A3235B /* Green 3.png in Resources */ = {isa = PBXBuildFile; fileRef = F1DC4EFC1E6E3ADD00A3235B /* Green 3.png */; };
		F1DC4F011E6E3ADD00A3235B /* Green 4.png in Resources */ = {isa = PBXBuildFile; fileRef = F1DC4EFD1E6E3ADD00A3235B /* Green 4.png */; };
		F1DC4F061E6E3AF200A3235B /* Red 1.png in Resources */ = {isa = PBXBuildFile; fileRef = F1DC4F021E6E3AF200A3235B /* Red 1.png */; };
		F1DC4F071E6E3AF200A3235B /* Red 2.png in Resources */ = {isa = PBXBuildFile; fileRef = F1DC4F031E6E3AF200A3235B /* Red 2.png */; };
		F1DC4F081E6E3AF200A3235B /* Red 3.png in Resources */ = {isa = PBXBuildFile; fileRef = F1DC4F041E6E3AF200A3235B /* Red 3.png */; };
		F1DC4F091E6E3AF200A3235B /* Red 4.png in Resources */ = {isa = PBXBuildFile; fileRef = F1DC4F051E6E3AF200A3235B /* Red 4.png */; };
		F1DC4F101E6E3B4500A3235B /* Dead.mp3 in Resources */ = {isa = PBXBuildFile; fileRef = F1DC4F0D1E6E3B4500A3235B /* Dead.mp3 */; };
		F1DC4F111E6E3B4500A3235B /* Fly.mp3 in Resources */ = {isa = PBXBuildFile; fileRef = F1DC4F0E1E6E3B4500A3235B /* Fly.mp3 */; };
		F1DC4F121E6E3B4500A3235B /* Score.mp3 in Resources */ = {isa = PBXBuildFile; fileRef = F1DC4F0F1E6E3B4500A3235B /* Score.mp3 */; };
		F1DC4F171E6E4F5600A3235B /* GameplayScene.sks in Resources */ = {isa = PBXBuildFile; fileRef = F1DC4F161E6E4F5600A3235B /* GameplayScene.sks */; };
		F1DC4F1A1E6E4FC500A3235B /* GameplayScene.swift in Sources */ = {isa = PBXBuildFile; fileRef = F1DC4F191E6E4FC500A3235B /* GameplayScene.swift */; };
		F1DC4F1D1E6E7A3B00A3235B /* Bird.swift in Sources */ = {isa = PBXBuildFile; fileRef = F1DC4F1C1E6E7A3B00A3235B /* Bird.swift */; };
		F1F365C61E6FCAC600174EEE /* Random.swift in Sources */ = {isa = PBXBuildFile; fileRef = F1F365C51E6FCAC600174EEE /* Random.swift */; };
/* End PBXBuildFile section */

/* Begin PBXContainerItemProxy section */
		F1DC4ED21E6E39CF00A3235B /* PBXContainerItemProxy */ = {
			isa = PBXContainerItemProxy;
			containerPortal = F1DC4EAF1E6E39CF00A3235B /* Project object */;
			proxyType = 1;
			remoteGlobalIDString = F1DC4EB61E6E39CF00A3235B;
			remoteInfo = "Flappy Bird";
		};
		F1DC4EDD1E6E39CF00A3235B /* PBXContainerItemProxy */ = {
			isa = PBXContainerItemProxy;
			containerPortal = F1DC4EAF1E6E39CF00A3235B /* Project object */;
			proxyType = 1;
			remoteGlobalIDString = F1DC4EB61E6E39CF00A3235B;
			remoteInfo = "Flappy Bird";
		};
/* End PBXContainerItemProxy section */

/* Begin PBXFileReference section */
		F11C429E1E77AB0A00019C28 /* MainMenuScene.sks */ = {isa = PBXFileReference; lastKnownFileType = file.sks; path = MainMenuScene.sks; sourceTree = "<group>"; };
		F11C42A01E77AB3700019C28 /* MainMenuScene.swift */ = {isa = PBXFileReference; fileEncoding = 4; lastKnownFileType = sourcecode.swift; path = MainMenuScene.swift; sourceTree = "<group>"; };
		F1DC4EB71E6E39CF00A3235B /* Flappy Bird.app */ = {isa = PBXFileReference; explicitFileType = wrapper.application; includeInIndex = 0; path = "Flappy Bird.app"; sourceTree = BUILT_PRODUCTS_DIR; };
		F1DC4EBA1E6E39CF00A3235B /* AppDelegate.swift */ = {isa = PBXFileReference; lastKnownFileType = sourcecode.swift; path = AppDelegate.swift; sourceTree = "<group>"; };
		F1DC4EBE1E6E39CF00A3235B /* Actions.sks */ = {isa = PBXFileReference; lastKnownFileType = file.sks; path = Actions.sks; sourceTree = "<group>"; };
		F1DC4EC21E6E39CF00A3235B /* GameViewController.swift */ = {isa = PBXFileReference; lastKnownFileType = sourcecode.swift; path = GameViewController.swift; sourceTree = "<group>"; };
		F1DC4EC51E6E39CF00A3235B /* Base */ = {isa = PBXFileReference; lastKnownFileType = file.storyboard; name = Base; path = Base.lproj/Main.storyboard; sourceTree = "<group>"; };
		F1DC4EC71E6E39CF00A3235B /* Assets.xcassets */ = {isa = PBXFileReference; lastKnownFileType = folder.assetcatalog; path = Assets.xcassets; sourceTree = "<group>"; };
		F1DC4ECA1E6E39CF00A3235B /* Base */ = {isa = PBXFileReference; lastKnownFileType = file.storyboard; name = Base; path = Base.lproj/LaunchScreen.storyboard; sourceTree = "<group>"; };
		F1DC4ECC1E6E39CF00A3235B /* Info.plist */ = {isa = PBXFileReference; lastKnownFileType = text.plist.xml; path = Info.plist; sourceTree = "<group>"; };
		F1DC4ED11E6E39CF00A3235B /* Flappy BirdTests.xctest */ = {isa = PBXFileReference; explicitFileType = wrapper.cfbundle; includeInIndex = 0; path = "Flappy BirdTests.xctest"; sourceTree = BUILT_PRODUCTS_DIR; };
		F1DC4ED51E6E39CF00A3235B /* Flappy_BirdTests.swift */ = {isa = PBXFileReference; lastKnownFileType = sourcecode.swift; path = Flappy_BirdTests.swift; sourceTree = "<group>"; };
		F1DC4ED71E6E39CF00A3235B /* Info.plist */ = {isa = PBXFileReference; lastKnownFileType = text.plist.xml; path = Info.plist; sourceTree = "<group>"; };
		F1DC4EDC1E6E39CF00A3235B /* Flappy BirdUITests.xctest */ = {isa = PBXFileReference; explicitFileType = wrapper.cfbundle; includeInIndex = 0; path = "Flappy BirdUITests.xctest"; sourceTree = BUILT_PRODUCTS_DIR; };
		F1DC4EE01E6E39CF00A3235B /* Flappy_BirdUITests.swift */ = {isa = PBXFileReference; lastKnownFileType = sourcecode.swift; path = Flappy_BirdUITests.swift; sourceTree = "<group>"; };
		F1DC4EE21E6E39CF00A3235B /* Info.plist */ = {isa = PBXFileReference; lastKnownFileType = text.plist.xml; path = Info.plist; sourceTree = "<group>"; };
		F1DC4EF21E6E3AD400A3235B /* Blue 1.png */ = {isa = PBXFileReference; lastKnownFileType = image.png; path = "Blue 1.png"; sourceTree = "<group>"; };
		F1DC4EF31E6E3AD400A3235B /* Blue 2.png */ = {isa = PBXFileReference; lastKnownFileType = image.png; path = "Blue 2.png"; sourceTree = "<group>"; };
		F1DC4EF41E6E3AD400A3235B /* Blue 3.png */ = {isa = PBXFileReference; lastKnownFileType = image.png; path = "Blue 3.png"; sourceTree = "<group>"; };
		F1DC4EF51E6E3AD400A3235B /* Blue 4.png */ = {isa = PBXFileReference; lastKnownFileType = image.png; path = "Blue 4.png"; sourceTree = "<group>"; };
		F1DC4EFA1E6E3ADD00A3235B /* Green 1.png */ = {isa = PBXFileReference; lastKnownFileType = image.png; path = "Green 1.png"; sourceTree = "<group>"; };
		F1DC4EFB1E6E3ADD00A3235B /* Green 2.png */ = {isa = PBXFileReference; lastKnownFileType = image.png; path = "Green 2.png"; sourceTree = "<group>"; };
		F1DC4EFC1E6E3ADD00A3235B /* Green 3.png */ = {isa = PBXFileReference; lastKnownFileType = image.png; path = "Green 3.png"; sourceTree = "<group>"; };
		F1DC4EFD1E6E3ADD00A3235B /* Green 4.png */ = {isa = PBXFileReference; lastKnownFileType = image.png; path = "Green 4.png"; sourceTree = "<group>"; };
		F1DC4F021E6E3AF200A3235B /* Red 1.png */ = {isa = PBXFileReference; lastKnownFileType = image.png; path = "Red 1.png"; sourceTree = "<group>"; };
		F1DC4F031E6E3AF200A3235B /* Red 2.png */ = {isa = PBXFileReference; lastKnownFileType = image.png; path = "Red 2.png"; sourceTree = "<group>"; };
		F1DC4F041E6E3AF200A3235B /* Red 3.png */ = {isa = PBXFileReference; lastKnownFileType = image.png; path = "Red 3.png"; sourceTree = "<group>"; };
		F1DC4F051E6E3AF200A3235B /* Red 4.png */ = {isa = PBXFileReference; lastKnownFileType = image.png; path = "Red 4.png"; sourceTree = "<group>"; };
		F1DC4F0B1E6E3B0E00A3235B /* 04b_19.ttf */ = {isa = PBXFileReference; lastKnownFileType = file; path = 04b_19.ttf; sourceTree = "<group>"; };
		F1DC4F0D1E6E3B4500A3235B /* Dead.mp3 */ = {isa = PBXFileReference; lastKnownFileType = audio.mp3; path = Dead.mp3; sourceTree = "<group>"; };
		F1DC4F0E1E6E3B4500A3235B /* Fly.mp3 */ = {isa = PBXFileReference; lastKnownFileType = audio.mp3; path = Fly.mp3; sourceTree = "<group>"; };
		F1DC4F0F1E6E3B4500A3235B /* Score.mp3 */ = {isa = PBXFileReference; lastKnownFileType = audio.mp3; path = Score.mp3; sourceTree = "<group>"; };
		F1DC4F161E6E4F5600A3235B /* GameplayScene.sks */ = {isa = PBXFileReference; lastKnownFileType = file.sks; path = GameplayScene.sks; sourceTree = "<group>"; };
		F1DC4F191E6E4FC500A3235B /* GameplayScene.swift */ = {isa = PBXFileReference; fileEncoding = 4; lastKnownFileType = sourcecode.swift; path = GameplayScene.swift; sourceTree = "<group>"; };
		F1DC4F1C1E6E7A3B00A3235B /* Bird.swift */ = {isa = PBXFileReference; fileEncoding = 4; lastKnownFileType = sourcecode.swift; path = Bird.swift; sourceTree = "<group>"; };
		F1F365C51E6FCAC600174EEE /* Random.swift */ = {isa = PBXFileReference; fileEncoding = 4; lastKnownFileType = sourcecode.swift; path = Random.swift; sourceTree = "<group>"; };
/* End PBXFileReference section */

/* Begin PBXFrameworksBuildPhase section */
		F1DC4EB41E6E39CF00A3235B /* Frameworks */ = {
			isa = PBXFrameworksBuildPhase;
			buildActionMask = 2147483647;
			files = (
			);
			runOnlyForDeploymentPostprocessing = 0;
		};
		F1DC4ECE1E6E39CF00A3235B /* Frameworks */ = {
			isa = PBXFrameworksBuildPhase;
			buildActionMask = 2147483647;
			files = (
			);
			runOnlyForDeploymentPostprocessing = 0;
		};
		F1DC4ED91E6E39CF00A3235B /* Frameworks */ = {
			isa = PBXFrameworksBuildPhase;
			buildActionMask = 2147483647;
			files = (
			);
			runOnlyForDeploymentPostprocessing = 0;
		};
/* End PBXFrameworksBuildPhase section */

/* Begin PBXGroup section */
		F1DC4EAE1E6E39CF00A3235B = {
			isa = PBXGroup;
			children = (
				F1DC4EB91E6E39CF00A3235B /* Flappy Bird */,
				F1DC4F151E6E4F1900A3235B /* Classes */,
				F1DC4F141E6E4F1300A3235B /* Scenes */,
				F1DC4EEE1E6E39DE00A3235B /* Assets */,
				F1DC4ED41E6E39CF00A3235B /* Flappy BirdTests */,
				F1DC4EDF1E6E39CF00A3235B /* Flappy BirdUITests */,
				F1DC4EB81E6E39CF00A3235B /* Products */,
			);
			sourceTree = "<group>";
		};
		F1DC4EB81E6E39CF00A3235B /* Products */ = {
			isa = PBXGroup;
			children = (
				F1DC4EB71E6E39CF00A3235B /* Flappy Bird.app */,
				F1DC4ED11E6E39CF00A3235B /* Flappy BirdTests.xctest */,
				F1DC4EDC1E6E39CF00A3235B /* Flappy BirdUITests.xctest */,
			);
			name = Products;
			sourceTree = "<group>";
		};
		F1DC4EB91E6E39CF00A3235B /* Flappy Bird */ = {
			isa = PBXGroup;
			children = (
				F1DC4EBA1E6E39CF00A3235B /* AppDelegate.swift */,
				F1DC4EBE1E6E39CF00A3235B /* Actions.sks */,
				F1DC4EC21E6E39CF00A3235B /* GameViewController.swift */,
				F1DC4EC41E6E39CF00A3235B /* Main.storyboard */,
				F1DC4EC71E6E39CF00A3235B /* Assets.xcassets */,
				F1DC4EC91E6E39CF00A3235B /* LaunchScreen.storyboard */,
				F1DC4ECC1E6E39CF00A3235B /* Info.plist */,
			);
			path = "Flappy Bird";
			sourceTree = "<group>";
		};
		F1DC4ED41E6E39CF00A3235B /* Flappy BirdTests */ = {
			isa = PBXGroup;
			children = (
				F1DC4ED51E6E39CF00A3235B /* Flappy_BirdTests.swift */,
				F1DC4ED71E6E39CF00A3235B /* Info.plist */,
			);
			path = "Flappy BirdTests";
			sourceTree = "<group>";
		};
		F1DC4EDF1E6E39CF00A3235B /* Flappy BirdUITests */ = {
			isa = PBXGroup;
			children = (
				F1DC4EE01E6E39CF00A3235B /* Flappy_BirdUITests.swift */,
				F1DC4EE21E6E39CF00A3235B /* Info.plist */,
			);
			path = "Flappy BirdUITests";
			sourceTree = "<group>";
		};
		F1DC4EEE1E6E39DE00A3235B /* Assets */ = {
			isa = PBXGroup;
			children = (
				F1DC4F0C1E6E3B3100A3235B /* Sounds */,
				F1DC4F0A1E6E3AFC00A3235B /* Fonts */,
				F1DC4EF11E6E39FA00A3235B /* Bird Red */,
				F1DC4EF01E6E39F200A3235B /* Bird Green */,
				F1DC4EEF1E6E39E900A3235B /* Bird Blue */,
			);
			name = Assets;
			sourceTree = "<group>";
		};
		F1DC4EEF1E6E39E900A3235B /* Bird Blue */ = {
			isa = PBXGroup;
			children = (
				F1DC4EF21E6E3AD400A3235B /* Blue 1.png */,
				F1DC4EF31E6E3AD400A3235B /* Blue 2.png */,
				F1DC4EF41E6E3AD400A3235B /* Blue 3.png */,
				F1DC4EF51E6E3AD400A3235B /* Blue 4.png */,
			);
			name = "Bird Blue";
			sourceTree = "<group>";
		};
		F1DC4EF01E6E39F200A3235B /* Bird Green */ = {
			isa = PBXGroup;
			children = (
				F1DC4EFA1E6E3ADD00A3235B /* Green 1.png */,
				F1DC4EFB1E6E3ADD00A3235B /* Green 2.png */,
				F1DC4EFC1E6E3ADD00A3235B /* Green 3.png */,
				F1DC4EFD1E6E3ADD00A3235B /* Green 4.png */,
			);
			name = "Bird Green";
			sourceTree = "<group>";
		};
		F1DC4EF11E6E39FA00A3235B /* Bird Red */ = {
			isa = PBXGroup;
			children = (
				F1DC4F021E6E3AF200A3235B /* Red 1.png */,
				F1DC4F031E6E3AF200A3235B /* Red 2.png */,
				F1DC4F041E6E3AF200A3235B /* Red 3.png */,
				F1DC4F051E6E3AF200A3235B /* Red 4.png */,
			);
			name = "Bird Red";
			sourceTree = "<group>";
		};
		F1DC4F0A1E6E3AFC00A3235B /* Fonts */ = {
			isa = PBXGroup;
			children = (
				F1DC4F0B1E6E3B0E00A3235B /* 04b_19.ttf */,
			);
			name = Fonts;
			path = "Flappy BirdTests";
			sourceTree = "<group>";
		};
		F1DC4F0C1E6E3B3100A3235B /* Sounds */ = {
			isa = PBXGroup;
			children = (
				F1DC4F0D1E6E3B4500A3235B /* Dead.mp3 */,
				F1DC4F0E1E6E3B4500A3235B /* Fly.mp3 */,
				F1DC4F0F1E6E3B4500A3235B /* Score.mp3 */,
			);
			name = Sounds;
			path = "Flappy BirdTests";
			sourceTree = "<group>";
		};
		F1DC4F141E6E4F1300A3235B /* Scenes */ = {
			isa = PBXGroup;
			children = (
				F1DC4F161E6E4F5600A3235B /* GameplayScene.sks */,
				F11C429E1E77AB0A00019C28 /* MainMenuScene.sks */,
			);
			name = Scenes;
			path = "Flappy Bird";
			sourceTree = "<group>";
		};
		F1DC4F151E6E4F1900A3235B /* Classes */ = {
			isa = PBXGroup;
			children = (
				F1F365C41E6FCAB900174EEE /* Random Class */,
				F1DC4F1B1E6E7A1B00A3235B /* Bird Classes */,
				F1DC4F181E6E4FB200A3235B /* Scene Classes */,
			);
			name = Classes;
			path = "Flappy Bird";
			sourceTree = "<group>";
		};
		F1DC4F181E6E4FB200A3235B /* Scene Classes */ = {
			isa = PBXGroup;
			children = (
				F1DC4F191E6E4FC500A3235B /* GameplayScene.swift */,
				F11C42A01E77AB3700019C28 /* MainMenuScene.swift */,
			);
			name = "Scene Classes";
			sourceTree = "<group>";
		};
		F1DC4F1B1E6E7A1B00A3235B /* Bird Classes */ = {
			isa = PBXGroup;
			children = (
				F1DC4F1C1E6E7A3B00A3235B /* Bird.swift */,
			);
			name = "Bird Classes";
			sourceTree = "<group>";
		};
		F1F365C41E6FCAB900174EEE /* Random Class */ = {
			isa = PBXGroup;
			children = (
				F1F365C51E6FCAC600174EEE /* Random.swift */,
			);
			name = "Random Class";
			sourceTree = "<group>";
		};
/* End PBXGroup section */

/* Begin PBXNativeTarget section */
		F1DC4EB61E6E39CF00A3235B /* Flappy Bird */ = {
			isa = PBXNativeTarget;
			buildConfigurationList = F1DC4EE51E6E39CF00A3235B /* Build configuration list for PBXNativeTarget "Flappy Bird" */;
			buildPhases = (
				F1DC4EB31E6E39CF00A3235B /* Sources */,
				F1DC4EB41E6E39CF00A3235B /* Frameworks */,
				F1DC4EB51E6E39CF00A3235B /* Resources */,
			);
			buildRules = (
			);
			dependencies = (
			);
			name = "Flappy Bird";
			productName = "Flappy Bird";
			productReference = F1DC4EB71E6E39CF00A3235B /* Flappy Bird.app */;
			productType = "com.apple.product-type.application";
		};
		F1DC4ED01E6E39CF00A3235B /* Flappy BirdTests */ = {
			isa = PBXNativeTarget;
			buildConfigurationList = F1DC4EE81E6E39CF00A3235B /* Build configuration list for PBXNativeTarget "Flappy BirdTests" */;
			buildPhases = (
				F1DC4ECD1E6E39CF00A3235B /* Sources */,
				F1DC4ECE1E6E39CF00A3235B /* Frameworks */,
				F1DC4ECF1E6E39CF00A3235B /* Resources */,
			);
			buildRules = (
			);
			dependencies = (
				F1DC4ED31E6E39CF00A3235B /* PBXTargetDependency */,
			);
			name = "Flappy BirdTests";
			productName = "Flappy BirdTests";
			productReference = F1DC4ED11E6E39CF00A3235B /* Flappy BirdTests.xctest */;
			productType = "com.apple.product-type.bundle.unit-test";
		};
		F1DC4EDB1E6E39CF00A3235B /* Flappy BirdUITests */ = {
			isa = PBXNativeTarget;
			buildConfigurationList = F1DC4EEB1E6E39CF00A3235B /* Build configuration list for PBXNativeTarget "Flappy BirdUITests" */;
			buildPhases = (
				F1DC4ED81E6E39CF00A3235B /* Sources */,
				F1DC4ED91E6E39CF00A3235B /* Frameworks */,
				F1DC4EDA1E6E39CF00A3235B /* Resources */,
			);
			buildRules = (
			);
			dependencies = (
				F1DC4EDE1E6E39CF00A3235B /* PBXTargetDependency */,
			);
			name = "Flappy BirdUITests";
			productName = "Flappy BirdUITests";
			productReference = F1DC4EDC1E6E39CF00A3235B /* Flappy BirdUITests.xctest */;
			productType = "com.apple.product-type.bundle.ui-testing";
		};
/* End PBXNativeTarget section */

/* Begin PBXProject section */
		F1DC4EAF1E6E39CF00A3235B /* Project object */ = {
			isa = PBXProject;
			attributes = {
				LastSwiftUpdateCheck = 0800;
				LastUpgradeCheck = 0800;
				ORGANIZATIONNAME = "Caroline Davis";
				TargetAttributes = {
					F1DC4EB61E6E39CF00A3235B = {
						CreatedOnToolsVersion = 8.0;
						DevelopmentTeam = 2UNXUT4D3C;
						ProvisioningStyle = Automatic;
					};
					F1DC4ED01E6E39CF00A3235B = {
						CreatedOnToolsVersion = 8.0;
						DevelopmentTeam = 2UNXUT4D3C;
						ProvisioningStyle = Automatic;
						TestTargetID = F1DC4EB61E6E39CF00A3235B;
					};
					F1DC4EDB1E6E39CF00A3235B = {
						CreatedOnToolsVersion = 8.0;
						DevelopmentTeam = 2UNXUT4D3C;
						ProvisioningStyle = Automatic;
						TestTargetID = F1DC4EB61E6E39CF00A3235B;
					};
				};
			};
			buildConfigurationList = F1DC4EB21E6E39CF00A3235B /* Build configuration list for PBXProject "Flappy Bird" */;
			compatibilityVersion = "Xcode 3.2";
			developmentRegion = English;
			hasScannedForEncodings = 0;
			knownRegions = (
				en,
				Base,
			);
			mainGroup = F1DC4EAE1E6E39CF00A3235B;
			productRefGroup = F1DC4EB81E6E39CF00A3235B /* Products */;
			projectDirPath = "";
			projectRoot = "";
			targets = (
				F1DC4EB61E6E39CF00A3235B /* Flappy Bird */,
				F1DC4ED01E6E39CF00A3235B /* Flappy BirdTests */,
				F1DC4EDB1E6E39CF00A3235B /* Flappy BirdUITests */,
			);
		};
/* End PBXProject section */

/* Begin PBXResourcesBuildPhase section */
		F1DC4EB51E6E39CF00A3235B /* Resources */ = {
			isa = PBXResourcesBuildPhase;
			buildActionMask = 2147483647;
			files = (
				F1DC4F101E6E3B4500A3235B /* Dead.mp3 in Resources */,
				F11C429F1E77AB0A00019C28 /* MainMenuScene.sks in Resources */,
				F1DC4F011E6E3ADD00A3235B /* Green 4.png in Resources */,
				F1DC4EF81E6E3AD400A3235B /* Blue 3.png in Resources */,
				F1DC4EC61E6E39CF00A3235B /* Main.storyboard in Resources */,
				F1DC4F171E6E4F5600A3235B /* GameplayScene.sks in Resources */,
				F1DC4F001E6E3ADD00A3235B /* Green 3.png in Resources */,
				F1DC4F061E6E3AF200A3235B /* Red 1.png in Resources */,
				F1DC4F071E6E3AF200A3235B /* Red 2.png in Resources */,
				F1DC4F111E6E3B4500A3235B /* Fly.mp3 in Resources */,
				F1DC4EFE1E6E3ADD00A3235B /* Green 1.png in Resources */,
				F1DC4EF91E6E3AD400A3235B /* Blue 4.png in Resources */,
				F1DC4EFF1E6E3ADD00A3235B /* Green 2.png in Resources */,
				F1DC4F081E6E3AF200A3235B /* Red 3.png in Resources */,
				F1DC4F091E6E3AF200A3235B /* Red 4.png in Resources */,
				F1DC4EF71E6E3AD400A3235B /* Blue 2.png in Resources */,
				F1DC4F121E6E3B4500A3235B /* Score.mp3 in Resources */,
				F1DC4EF61E6E3AD400A3235B /* Blue 1.png in Resources */,
				F1DC4EC81E6E39CF00A3235B /* Assets.xcassets in Resources */,
				F1DC4ECB1E6E39CF00A3235B /* LaunchScreen.storyboard in Resources */,
				F1DC4EBF1E6E39CF00A3235B /* Actions.sks in Resources */,
			);
			runOnlyForDeploymentPostprocessing = 0;
		};
		F1DC4ECF1E6E39CF00A3235B /* Resources */ = {
			isa = PBXResourcesBuildPhase;
			buildActionMask = 2147483647;
			files = (
			);
			runOnlyForDeploymentPostprocessing = 0;
		};
		F1DC4EDA1E6E39CF00A3235B /* Resources */ = {
			isa = PBXResourcesBuildPhase;
			buildActionMask = 2147483647;
			files = (
			);
			runOnlyForDeploymentPostprocessing = 0;
		};
/* End PBXResourcesBuildPhase section */

/* Begin PBXSourcesBuildPhase section */
		F1DC4EB31E6E39CF00A3235B /* Sources */ = {
			isa = PBXSourcesBuildPhase;
			buildActionMask = 2147483647;
			files = (
				F11C42A11E77AB3700019C28 /* MainMenuScene.swift in Sources */,
				F1DC4F1A1E6E4FC500A3235B /* GameplayScene.swift in Sources */,
				F1DC4EC31E6E39CF00A3235B /* GameViewController.swift in Sources */,
				F1F365C61E6FCAC600174EEE /* Random.swift in Sources */,
				F1DC4F1D1E6E7A3B00A3235B /* Bird.swift in Sources */,
				F1DC4EBB1E6E39CF00A3235B /* AppDelegate.swift in Sources */,
			);
			runOnlyForDeploymentPostprocessing = 0;
		};
		F1DC4ECD1E6E39CF00A3235B /* Sources */ = {
			isa = PBXSourcesBuildPhase;
			buildActionMask = 2147483647;
			files = (
				F1DC4ED61E6E39CF00A3235B /* Flappy_BirdTests.swift in Sources */,
			);
			runOnlyForDeploymentPostprocessing = 0;
		};
		F1DC4ED81E6E39CF00A3235B /* Sources */ = {
			isa = PBXSourcesBuildPhase;
			buildActionMask = 2147483647;
			files = (
				F1DC4EE11E6E39CF00A3235B /* Flappy_BirdUITests.swift in Sources */,
			);
			runOnlyForDeploymentPostprocessing = 0;
		};
/* End PBXSourcesBuildPhase section */

/* Begin PBXTargetDependency section */
		F1DC4ED31E6E39CF00A3235B /* PBXTargetDependency */ = {
			isa = PBXTargetDependency;
			target = F1DC4EB61E6E39CF00A3235B /* Flappy Bird */;
			targetProxy = F1DC4ED21E6E39CF00A3235B /* PBXContainerItemProxy */;
		};
		F1DC4EDE1E6E39CF00A3235B /* PBXTargetDependency */ = {
			isa = PBXTargetDependency;
			target = F1DC4EB61E6E39CF00A3235B /* Flappy Bird */;
			targetProxy = F1DC4EDD1E6E39CF00A3235B /* PBXContainerItemProxy */;
		};
/* End PBXTargetDependency section */

/* Begin PBXVariantGroup section */
		F1DC4EC41E6E39CF00A3235B /* Main.storyboard */ = {
			isa = PBXVariantGroup;
			children = (
				F1DC4EC51E6E39CF00A3235B /* Base */,
			);
			name = Main.storyboard;
			sourceTree = "<group>";
		};
		F1DC4EC91E6E39CF00A3235B /* LaunchScreen.storyboard */ = {
			isa = PBXVariantGroup;
			children = (
				F1DC4ECA1E6E39CF00A3235B /* Base */,
			);
			name = LaunchScreen.storyboard;
			sourceTree = "<group>";
		};
/* End PBXVariantGroup section */

/* Begin XCBuildConfiguration section */
		F1DC4EE31E6E39CF00A3235B /* Debug */ = {
			isa = XCBuildConfiguration;
			buildSettings = {
				ALWAYS_SEARCH_USER_PATHS = NO;
				CLANG_ANALYZER_NONNULL = YES;
				CLANG_CXX_LANGUAGE_STANDARD = "gnu++0x";
				CLANG_CXX_LIBRARY = "libc++";
				CLANG_ENABLE_MODULES = YES;
				CLANG_ENABLE_OBJC_ARC = YES;
				CLANG_WARN_BOOL_CONVERSION = YES;
				CLANG_WARN_CONSTANT_CONVERSION = YES;
				CLANG_WARN_DIRECT_OBJC_ISA_USAGE = YES_ERROR;
				CLANG_WARN_DOCUMENTATION_COMMENTS = YES;
				CLANG_WARN_EMPTY_BODY = YES;
				CLANG_WARN_ENUM_CONVERSION = YES;
				CLANG_WARN_INFINITE_RECURSION = YES;
				CLANG_WARN_INT_CONVERSION = YES;
				CLANG_WARN_OBJC_ROOT_CLASS = YES_ERROR;
				CLANG_WARN_SUSPICIOUS_MOVES = YES;
				CLANG_WARN_UNREACHABLE_CODE = YES;
				CLANG_WARN__DUPLICATE_METHOD_MATCH = YES;
				"CODE_SIGN_IDENTITY[sdk=iphoneos*]" = "iPhone Developer";
				COPY_PHASE_STRIP = NO;
				DEBUG_INFORMATION_FORMAT = dwarf;
				ENABLE_STRICT_OBJC_MSGSEND = YES;
				ENABLE_TESTABILITY = YES;
				GCC_C_LANGUAGE_STANDARD = gnu99;
				GCC_DYNAMIC_NO_PIC = NO;
				GCC_NO_COMMON_BLOCKS = YES;
				GCC_OPTIMIZATION_LEVEL = 0;
				GCC_PREPROCESSOR_DEFINITIONS = (
					"DEBUG=1",
					"$(inherited)",
				);
				GCC_WARN_64_TO_32_BIT_CONVERSION = YES;
				GCC_WARN_ABOUT_RETURN_TYPE = YES_ERROR;
				GCC_WARN_UNDECLARED_SELECTOR = YES;
				GCC_WARN_UNINITIALIZED_AUTOS = YES_AGGRESSIVE;
				GCC_WARN_UNUSED_FUNCTION = YES;
				GCC_WARN_UNUSED_VARIABLE = YES;
				IPHONEOS_DEPLOYMENT_TARGET = 10.0;
				MTL_ENABLE_DEBUG_INFO = YES;
				ONLY_ACTIVE_ARCH = YES;
				SDKROOT = iphoneos;
				SWIFT_ACTIVE_COMPILATION_CONDITIONS = DEBUG;
				SWIFT_OPTIMIZATION_LEVEL = "-Onone";
			};
			name = Debug;
		};
		F1DC4EE41E6E39CF00A3235B /* Release */ = {
			isa = XCBuildConfiguration;
			buildSettings = {
				ALWAYS_SEARCH_USER_PATHS = NO;
				CLANG_ANALYZER_NONNULL = YES;
				CLANG_CXX_LANGUAGE_STANDARD = "gnu++0x";
				CLANG_CXX_LIBRARY = "libc++";
				CLANG_ENABLE_MODULES = YES;
				CLANG_ENABLE_OBJC_ARC = YES;
				CLANG_WARN_BOOL_CONVERSION = YES;
				CLANG_WARN_CONSTANT_CONVERSION = YES;
				CLANG_WARN_DIRECT_OBJC_ISA_USAGE = YES_ERROR;
				CLANG_WARN_DOCUMENTATION_COMMENTS = YES;
				CLANG_WARN_EMPTY_BODY = YES;
				CLANG_WARN_ENUM_CONVERSION = YES;
				CLANG_WARN_INFINITE_RECURSION = YES;
				CLANG_WARN_INT_CONVERSION = YES;
				CLANG_WARN_OBJC_ROOT_CLASS = YES_ERROR;
				CLANG_WARN_SUSPICIOUS_MOVES = YES;
				CLANG_WARN_UNREACHABLE_CODE = YES;
				CLANG_WARN__DUPLICATE_METHOD_MATCH = YES;
				"CODE_SIGN_IDENTITY[sdk=iphoneos*]" = "iPhone Developer";
				COPY_PHASE_STRIP = NO;
				DEBUG_INFORMATION_FORMAT = "dwarf-with-dsym";
				ENABLE_NS_ASSERTIONS = NO;
				ENABLE_STRICT_OBJC_MSGSEND = YES;
				GCC_C_LANGUAGE_STANDARD = gnu99;
				GCC_NO_COMMON_BLOCKS = YES;
				GCC_WARN_64_TO_32_BIT_CONVERSION = YES;
				GCC_WARN_ABOUT_RETURN_TYPE = YES_ERROR;
				GCC_WARN_UNDECLARED_SELECTOR = YES;
				GCC_WARN_UNINITIALIZED_AUTOS = YES_AGGRESSIVE;
				GCC_WARN_UNUSED_FUNCTION = YES;
				GCC_WARN_UNUSED_VARIABLE = YES;
				IPHONEOS_DEPLOYMENT_TARGET = 10.0;
				MTL_ENABLE_DEBUG_INFO = NO;
				SDKROOT = iphoneos;
				SWIFT_OPTIMIZATION_LEVEL = "-Owholemodule";
				VALIDATE_PRODUCT = YES;
			};
			name = Release;
		};
		F1DC4EE61E6E39CF00A3235B /* Debug */ = {
			isa = XCBuildConfiguration;
			buildSettings = {
				ASSETCATALOG_COMPILER_APPICON_NAME = AppIcon;
				DEVELOPMENT_TEAM = 2UNXUT4D3C;
				INFOPLIST_FILE = "Flappy Bird/Info.plist";
				LD_RUNPATH_SEARCH_PATHS = "$(inherited) @executable_path/Frameworks";
				PRODUCT_BUNDLE_IDENTIFIER = "com.carolinedavis.Flappy-Bird";
				PRODUCT_NAME = "$(TARGET_NAME)";
				SWIFT_VERSION = 3.0;
			};
			name = Debug;
		};
		F1DC4EE71E6E39CF00A3235B /* Release */ = {
			isa = XCBuildConfiguration;
			buildSettings = {
				ASSETCATALOG_COMPILER_APPICON_NAME = AppIcon;
				DEVELOPMENT_TEAM = 2UNXUT4D3C;
				INFOPLIST_FILE = "Flappy Bird/Info.plist";
				LD_RUNPATH_SEARCH_PATHS = "$(inherited) @executable_path/Frameworks";
				PRODUCT_BUNDLE_IDENTIFIER = "com.carolinedavis.Flappy-Bird";
				PRODUCT_NAME = "$(TARGET_NAME)";
				SWIFT_VERSION = 3.0;
			};
			name = Release;
		};
		F1DC4EE91E6E39CF00A3235B /* Debug */ = {
			isa = XCBuildConfiguration;
			buildSettings = {
				ALWAYS_EMBED_SWIFT_STANDARD_LIBRARIES = YES;
				BUNDLE_LOADER = "$(TEST_HOST)";
				DEVELOPMENT_TEAM = 2UNXUT4D3C;
				INFOPLIST_FILE = "Flappy BirdTests/Info.plist";
				LD_RUNPATH_SEARCH_PATHS = "$(inherited) @executable_path/Frameworks @loader_path/Frameworks";
				PRODUCT_BUNDLE_IDENTIFIER = "com.carolinedavis.Flappy-BirdTests";
				PRODUCT_NAME = "$(TARGET_NAME)";
				SWIFT_VERSION = 3.0;
				TEST_HOST = "$(BUILT_PRODUCTS_DIR)/Flappy Bird.app/Flappy Bird";
			};
			name = Debug;
		};
		F1DC4EEA1E6E39CF00A3235B /* Release */ = {
			isa = XCBuildConfiguration;
			buildSettings = {
				ALWAYS_EMBED_SWIFT_STANDARD_LIBRARIES = YES;
				BUNDLE_LOADER = "$(TEST_HOST)";
				DEVELOPMENT_TEAM = 2UNXUT4D3C;
				INFOPLIST_FILE = "Flappy BirdTests/Info.plist";
				LD_RUNPATH_SEARCH_PATHS = "$(inherited) @executable_path/Frameworks @loader_path/Frameworks";
				PRODUCT_BUNDLE_IDENTIFIER = "com.carolinedavis.Flappy-BirdTests";
				PRODUCT_NAME = "$(TARGET_NAME)";
				SWIFT_VERSION = 3.0;
				TEST_HOST = "$(BUILT_PRODUCTS_DIR)/Flappy Bird.app/Flappy Bird";
			};
			name = Release;
		};
		F1DC4EEC1E6E39CF00A3235B /* Debug */ = {
			isa = XCBuildConfiguration;
			buildSettings = {
				ALWAYS_EMBED_SWIFT_STANDARD_LIBRARIES = YES;
				DEVELOPMENT_TEAM = 2UNXUT4D3C;
				INFOPLIST_FILE = "Flappy BirdUITests/Info.plist";
				LD_RUNPATH_SEARCH_PATHS = "$(inherited) @executable_path/Frameworks @loader_path/Frameworks";
				PRODUCT_BUNDLE_IDENTIFIER = "com.carolinedavis.Flappy-BirdUITests";
				PRODUCT_NAME = "$(TARGET_NAME)";
				SWIFT_VERSION = 3.0;
				TEST_TARGET_NAME = "Flappy Bird";
			};
			name = Debug;
		};
		F1DC4EED1E6E39CF00A3235B /* Release */ = {
			isa = XCBuildConfiguration;
			buildSettings = {
				ALWAYS_EMBED_SWIFT_STANDARD_LIBRARIES = YES;
				DEVELOPMENT_TEAM = 2UNXUT4D3C;
				INFOPLIST_FILE = "Flappy BirdUITests/Info.plist";
				LD_RUNPATH_SEARCH_PATHS = "$(inherited) @executable_path/Frameworks @loader_path/Frameworks";
				PRODUCT_BUNDLE_IDENTIFIER = "com.carolinedavis.Flappy-BirdUITests";
				PRODUCT_NAME = "$(TARGET_NAME)";
				SWIFT_VERSION = 3.0;
				TEST_TARGET_NAME = "Flappy Bird";
			};
			name = Release;
		};
/* End XCBuildConfiguration section */

/* Begin XCConfigurationList section */
		F1DC4EB21E6E39CF00A3235B /* Build configuration list for PBXProject "Flappy Bird" */ = {
			isa = XCConfigurationList;
			buildConfigurations = (
				F1DC4EE31E6E39CF00A3235B /* Debug */,
				F1DC4EE41E6E39CF00A3235B /* Release */,
			);
			defaultConfigurationIsVisible = 0;
			defaultConfigurationName = Release;
		};
		F1DC4EE51E6E39CF00A3235B /* Build configuration list for PBXNativeTarget "Flappy Bird" */ = {
			isa = XCConfigurationList;
			buildConfigurations = (
				F1DC4EE61E6E39CF00A3235B /* Debug */,
				F1DC4EE71E6E39CF00A3235B /* Release */,
			);
			defaultConfigurationIsVisible = 0;
			defaultConfigurationName = Release;
		};
		F1DC4EE81E6E39CF00A3235B /* Build configuration list for PBXNativeTarget "Flappy BirdTests" */ = {
			isa = XCConfigurationList;
			buildConfigurations = (
				F1DC4EE91E6E39CF00A3235B /* Debug */,
				F1DC4EEA1E6E39CF00A3235B /* Release */,
			);
			defaultConfigurationIsVisible = 0;
			defaultConfigurationName = Release;
		};
		F1DC4EEB1E6E39CF00A3235B /* Build configuration list for PBXNativeTarget "Flappy BirdUITests" */ = {
			isa = XCConfigurationList;
			buildConfigurations = (
				F1DC4EEC1E6E39CF00A3235B /* Debug */,
				F1DC4EED1E6E39CF00A3235B /* Release */,
			);
			defaultConfigurationIsVisible = 0;
			defaultConfigurationName = Release;
		};
/* End XCConfigurationList section */
	};
	rootObject = F1DC4EAF1E6E39CF00A3235B /* Project object */;
}
